{
  "version": 4,
  "terraform_version": "1.9.5",
  "serial": 8,
  "lineage": "cf960efb-2b19-900d-bfcb-176f3c444771",
  "outputs": {
    "iam_role_arn": {
      "value": "arn:aws:iam::318095823459:role/ansible-win-ec2-role",
      "type": "string"
    },
    "security_group_id": {
      "value": "sg-0259be21e31e466bb",
      "type": "string"
    }
  },
  "resources": [
    {
      "mode": "managed",
      "type": "aws_iam_instance_profile",
      "name": "ansible_instance_profile",
      "provider": "provider[\"registry.terraform.io/hashicorp/aws\"]",
      "instances": [
        {
          "schema_version": 0,
          "attributes": {
            "arn": "arn:aws:iam::318095823459:instance-profile/ansible-win-instance-profile",
            "create_date": "2026-03-17T01:48:56Z",
            "id": "ansible-win-instance-profile",
            "name": "ansible-win-instance-profile",
            "name_prefix": "",
            "path": "/",
            "role": "ansible-win-ec2-role",
            "tags": {
              "Created_By": "IaC Terraform",
              "Environment": "test",
              "Name": "ansible-win-instance-profile",
              "Project_Name": "MadeOfMemories"
            },
            "tags_all": {
              "Created_By": "IaC Terraform",
              "Environment": "test",
              "Name": "ansible-win-instance-profile",
              "Project_Name": "MadeOfMemories"
            },
            "unique_id": "AIPAUUD75CJRZ6UJVCDNG"
          },
          "sensitive_attributes": [],
          "private": "bnVsbA==",
          "dependencies": [
            "aws_iam_role.ansible_role"
          ]
        }
      ]
    },
    {
      "mode": "managed",
      "type": "aws_iam_role",
      "name": "ansible_role",
      "provider": "provider[\"registry.terraform.io/hashicorp/aws\"]",
      "instances": [
        {
          "schema_version": 0,
          "attributes": {
            "arn": "arn:aws:iam::318095823459:role/ansible-win-ec2-role",
            "assume_role_policy": "{\"Statement\":[{\"Action\":\"sts:AssumeRole\",\"Effect\":\"Allow\",\"Principal\":{\"Service\":\"ec2.amazonaws.com\"}}],\"Version\":\"2012-10-17\"}",
            "create_date": "2026-03-17T01:48:54Z",
            "description": "",
            "force_detach_policies": false,
            "id": "ansible-win-ec2-role",
            "inline_policy": [],
            "managed_policy_arns": [],
            "max_session_duration": 3600,
            "name": "ansible-win-ec2-role",
            "name_prefix": "",
            "path": "/",
            "permissions_boundary": "",
            "tags": {
              "Created_By": "IaC Terraform",
              "Environment": "test",
              "Name": "ansible-win-iam-role",
              "Project_Name": "MadeOfMemories"
            },
            "tags_all": {
              "Created_By": "IaC Terraform",
              "Environment": "test",
              "Name": "ansible-win-iam-role",
              "Project_Name": "MadeOfMemories"
            },
            "unique_id": "AROAUUD75CJRWWA4ZAW4O"
          },
          "sensitive_attributes": [],
          "private": "bnVsbA=="
        }
      ]
    },
    {
      "mode": "managed",
      "type": "aws_iam_role_policy_attachment",
      "name": "ansible_role_attachment",
      "provider": "provider[\"registry.terraform.io/hashicorp/aws\"]",
      "instances": [
        {
          "schema_version": 0,
          "attributes": {
            "id": "ansible-win-ec2-role-20260317014855997200000001",
            "policy_arn": "arn:aws:iam::aws:policy/AmazonEC2FullAccess",
            "role": "ansible-win-ec2-role"
          },
          "sensitive_attributes": [],
          "private": "bnVsbA==",
          "dependencies": [
            "aws_iam_role.ansible_role"
          ]
        }
      ]
    },
    {
      "mode": "managed",
      "type": "aws_iam_role_policy_attachment",
      "name": "ansible_s3_access",
      "provider": "provider[\"registry.terraform.io/hashicorp/aws\"]",
      "instances": [
        {
          "schema_version": 0,
          "attributes": {
            "id": "ansible-win-ec2-role-20260317014856666600000003",
            "policy_arn": "arn:aws:iam::aws:policy/AmazonS3FullAccess",
            "role": "ansible-win-ec2-role"
          },
          "sensitive_attributes": [],
          "private": "bnVsbA==",
          "dependencies": [
            "aws_iam_role.ansible_role"
          ]
        }
      ]
    },
    {
      "mode": "managed",
      "type": "aws_iam_role_policy_attachment",
      "name": "ansible_ssm_access",
      "provider": "provider[\"registry.terraform.io/hashicorp/aws\"]",
      "instances": [
        {
          "schema_version": 0,
          "attributes": {
            "id": "ansible-win-ec2-role-20260317014856348100000002",
            "policy_arn": "arn:aws:iam::aws:policy/AmazonSSMFullAccess",
            "role": "ansible-win-ec2-role"
          },
          "sensitive_attributes": [],
          "private": "bnVsbA==",
          "dependencies": [
            "aws_iam_role.ansible_role"
          ]
        }
      ]
    },
    {
      "mode": "managed",
      "type": "aws_security_group",
      "name": "ansible_win_sg",
      "provider": "provider[\"registry.terraform.io/hashicorp/aws\"]",
      "instances": [
        {
          "schema_version": 1,
          "attributes": {
            "arn": "arn:aws:ec2:ap-south-2:318095823459:security-group/sg-0259be21e31e466bb",
            "description": "Allow SSH, HTTP and ansible",
            "egress": [
              {
                "cidr_blocks": [
                  "0.0.0.0/0"
                ],
                "description": "",
                "from_port": 0,
                "ipv6_cidr_blocks": [],
                "prefix_list_ids": [],
                "protocol": "-1",
                "security_groups": [],
                "self": false,
                "to_port": 0
              }
            ],
            "id": "sg-0259be21e31e466bb",
            "ingress": [
              {
                "cidr_blocks": [
                  "0.0.0.0/0"
                ],
                "description": "HTTP",
                "from_port": 80,
                "ipv6_cidr_blocks": [],
                "prefix_list_ids": [],
                "protocol": "tcp",
                "security_groups": [],
                "self": false,
                "to_port": 80
              },
              {
                "cidr_blocks": [
                  "0.0.0.0/0"
                ],
                "description": "HTTPS",
                "from_port": 443,
                "ipv6_cidr_blocks": [],
                "prefix_list_ids": [],
                "protocol": "tcp",
                "security_groups": [],
                "self": false,
                "to_port": 443
              },
              {
                "cidr_blocks": [
                  "0.0.0.0/0"
                ],
                "description": "ansible",
                "from_port": 8080,
                "ipv6_cidr_blocks": [],
                "prefix_list_ids": [],
                "protocol": "tcp",
                "security_groups": [],
                "self": false,
                "to_port": 8080
              },
              {
                "cidr_blocks": [
                  "49.43.229.100/32"
                ],
                "description": "SSH",
                "from_port": 22,
                "ipv6_cidr_blocks": [],
                "prefix_list_ids": [],
                "protocol": "tcp",
                "security_groups": [],
                "self": false,
                "to_port": 22
              }
            ],
            "name": "ansible-win-sg",
            "name_prefix": "",
            "owner_id": "318095823459",
            "revoke_rules_on_delete": false,
            "tags": {
              "Created_By": "IaC Terraform",
              "Environment": "test",
              "Name": "ansible-security-group",
              "Project_Name": "MadeOfMemories"
            },
            "tags_all": {
              "Created_By": "IaC Terraform",
              "Environment": "test",
              "Name": "ansible-security-group",
              "Project_Name": "MadeOfMemories"
            },
            "timeouts": null,
            "vpc_id": "vpc-093911699f8c99a19"
          },
          "sensitive_attributes": [],
          "private": "eyJlMmJmYjczMC1lY2FhLTExZTYtOGY4OC0zNDM2M2JjN2M0YzAiOnsiY3JlYXRlIjo2MDAwMDAwMDAwMDAsImRlbGV0ZSI6OTAwMDAwMDAwMDAwfSwic2NoZW1hX3ZlcnNpb24iOiIxIn0="
        }
      ]
    }
  ],
  "check_results": null
}
